
Microsoft Visual Studio Solution File, Format Version 12.00
# Visual Studio Version 16
VisualStudioVersion = 16.0.31613.86
MinimumVisualStudioVersion = 10.0.40219.1
Project("{8BC9CEB8-8B4A-11D0-8D11-00A0C91BC942}") = "task2ooplab10", "task2ooplab10\task2ooplab10.vcxproj", "{43338F19-9937-47BE-A7A4-3BAB36272366}"
EndProject
Global
	GlobalSection(SolutionConfigurationPlatforms) = preSolution
		Debug|x64 = Debug|x64
		Debug|x86 = Debug|x86
		Release|x64 = Release|x64
		Release|x86 = Release|x86
	EndGlobalSection
	GlobalSection(ProjectConfigurationPlatforms) = postSolution
		{43338F19-9937-47BE-A7A4-3BAB36272366}.Debug|x64.ActiveCfg = Debug|x64
		{43338F19-9937-47BE-A7A4-3BAB36272366}.Debug|x64.Build.0 = Debug|x64
		{43338F19-9937-47BE-A7A4-3BAB36272366}.Debug|x86.ActiveCfg = Debug|Win32
		{43338F19-9937-47BE-A7A4-3BAB36272366}.Debug|x86.Build.0 = Debug|Win32
		{43338F19-9937-47BE-A7A4-3BAB36272366}.Release|x64.ActiveCfg = Release|x64
		{43338F19-9937-47BE-A7A4-3BAB36272366}.Release|x64.Build.0 = Release|x64
		{43338F19-9937-47BE-A7A4-3BAB36272366}.Release|x86.ActiveCfg = Release|Win32
		{43338F19-9937-47BE-A7A4-3BAB36272366}.Release|x86.Build.0 = Release|Win32
	EndGlobalSection
	GlobalSection(SolutionProperties) = preSolution
		HideSolutionNode = FALSE
	EndGlobalSection
	GlobalSection(ExtensibilityGlobals) = postSolution
		SolutionGuid = {ED376BFE-0CE6-44FC-91CD-B2714C8E77F5}
	EndGlobalSection
EndGlobal
